{
  "name": "mint-vernetzt",
  "version": "1.0.0",
  "lockfileVersion": 2,
  "requires": true,
  "packages": {
    "": {
      "name": "mint-vernetzt",
      "version": "1.0.0",
      "license": "ISC",
      "devDependencies": {
        "@drorgl/n-gram": "^1.1.2",
        "n-gram": "^2.0.1"
      }
    },
    "node_modules/@drorgl/n-gram": {
      "version": "1.1.2",
      "resolved": "https://registry.npmjs.org/@drorgl/n-gram/-/n-gram-1.1.2.tgz",
      "integrity": "sha512-iwRGal8Nzsbuwkgo+FGEX0/30u4yC8L7PXpuXGppCQMR9nenEnJ656ZWUSYoIwXdoRevl/whbPHJsyTOHQKnmA==",
      "dev": true
    },
    "node_modules/n-gram": {
      "version": "2.0.1",
      "resolved": "https://registry.npmjs.org/n-gram/-/n-gram-2.0.1.tgz",
      "integrity": "sha512-ECtaRCOsPvqdTMI7SAFVaPaHv1ofhGqstphMFDWF3yrOaJcFsaCTpTREjYaPYpMC1nzJdewuiqvYXGM9W+Radw==",
      "dev": true,
      "funding": {
        "type": "github",
        "url": "https://github.com/sponsors/wooorm"
      }
    }
  },
  "dependencies": {
    "@drorgl/n-gram": {
      "version": "1.1.2",
      "resolved": "https://registry.npmjs.org/@drorgl/n-gram/-/n-gram-1.1.2.tgz",
      "integrity": "sha512-iwRGal8Nzsbuwkgo+FGEX0/30u4yC8L7PXpuXGppCQMR9nenEnJ656ZWUSYoIwXdoRevl/whbPHJsyTOHQKnmA==",
      "dev": true
    },
    "n-gram": {
      "version": "2.0.1",
      "resolved": "https://registry.npmjs.org/n-gram/-/n-gram-2.0.1.tgz",
      "integrity": "sha512-ECtaRCOsPvqdTMI7SAFVaPaHv1ofhGqstphMFDWF3yrOaJcFsaCTpTREjYaPYpMC1nzJdewuiqvYXGM9W+Radw==",
      "dev": true
    }
  }
}
